{
  "name": "@ks89/ngx-codemirror",
  "version": "3.0.0",
  "lockfileVersion": 1,
  "requires": true,
  "dependencies": {
    "codemirror": {
      "version": "5.56.0",
      "resolved": "https://registry.npmjs.org/codemirror/-/codemirror-5.56.0.tgz",
      "integrity": "sha512-MfKVmYgifXjQpLSgpETuih7A7WTTIsxvKfSLGseTY5+qt0E1UD1wblZGM6WLenORo8sgmf+3X+WTe2WF7mufyw=="
    },
    "tslib": {
      "version": "2.0.1",
      "resolved": "https://registry.npmjs.org/tslib/-/tslib-2.0.1.tgz",
      "integrity": "sha512-SgIkNheinmEBgx1IUNirK0TUD4X9yjjBRTqqjggWCU3pUEqIk3/Uwl3yRixYKT6WjQuGiwDv4NomL3wqRCj+CQ=="
    }
  }
}
